
Microsoft Visual Studio Solution File, Format Version 12.00
# Visual Studio Version 16
VisualStudioVersion = 16.0.30717.126
MinimumVisualStudioVersion = 10.0.40219.1
Project("{888888A0-9F3D-457C-B088-3A5042F75D52}") = "TestWeb001", "TestWeb001\TestWeb001.pyproj", "{0AD5850F-45F8-48C5-94D6-F54C77C7095B}"
EndProject
Global
	GlobalSection(SolutionConfigurationPlatforms) = preSolution
		Debug|Any CPU = Debug|Any CPU
		Release|Any CPU = Release|Any CPU
	EndGlobalSection
	GlobalSection(ProjectConfigurationPlatforms) = postSolution
		{0AD5850F-45F8-48C5-94D6-F54C77C7095B}.Debug|Any CPU.ActiveCfg = Debug|Any CPU
		{0AD5850F-45F8-48C5-94D6-F54C77C7095B}.Debug|Any CPU.Build.0 = Debug|Any CPU
		{0AD5850F-45F8-48C5-94D6-F54C77C7095B}.Release|Any CPU.ActiveCfg = Release|Any CPU
		{0AD5850F-45F8-48C5-94D6-F54C77C7095B}.Release|Any CPU.Build.0 = Release|Any CPU
	EndGlobalSection
	GlobalSection(SolutionProperties) = preSolution
		HideSolutionNode = FALSE
	EndGlobalSection
	GlobalSection(ExtensibilityGlobals) = postSolution
		SolutionGuid = {D602C0FA-0DAB-44ED-AF71-48EB195C3997}
	EndGlobalSection
EndGlobal
